PODS:
  - CITreeView (1.6.1)
  - SwiftSoup (2.2.2)

DEPENDENCIES:
  - CITreeView (~> 1.6.1)
  - SwiftSoup

SPEC REPOS:
  trunk:
    - CITreeView
    - SwiftSoup

SPEC CHECKSUMS:
  CITreeView: f7bcaa750a6d9e1a646f057bc581c4f146badb3b
  SwiftSoup: 77147d707df716eb6dbd06c5c24d35ad5ba62ee1

PODFILE CHECKSUM: d78f73c50aceaf99a9abda915a99e086ffa85c38

COCOAPODS: 1.8.4
