// !$*UTF8*$!
{
	archiveVersion = 1;
	classes = {
	};
	objectVersion = 51;
	objects = {

/* Begin PBXBuildFile section */
		51C125083E4B8FDC9D9711F0 /* Pods_SafariSample.framework in Frameworks */ = {isa = PBXBuildFile; fileRef = 8C0B2BB88E69780FE2F8CA02 /* Pods_SafariSample.framework */; };
		CC06F1B12390A35A0096A6CD /* FolderCell.swift in Sources */ = {isa = PBXBuildFile; fileRef = CC06F1AF2390A35A0096A6CD /* FolderCell.swift */; };
		CC06F1B22390A35A0096A6CD /* FolderCell.xib in Resources */ = {isa = PBXBuildFile; fileRef = CC06F1B02390A35A0096A6CD /* FolderCell.xib */; };
		CC06F1B62390DD940096A6CD /* EditBookmarkVC.swift in Sources */ = {isa = PBXBuildFile; fileRef = CC06F1B52390DD930096A6CD /* EditBookmarkVC.swift */; };
		CC06F1B82390E8CC0096A6CD /* TreeData.swift in Sources */ = {isa = PBXBuildFile; fileRef = CC06F1B72390E8CC0096A6CD /* TreeData.swift */; };
		CC0E120F23A0EAD200557B67 /* NotificationGroup.swift in Sources */ = {isa = PBXBuildFile; fileRef = CC0E120E23A0EAD200557B67 /* NotificationGroup.swift */; };
		CC0E121123A1EA5900557B67 /* AlertsAndMenus.swift in Sources */ = {isa = PBXBuildFile; fileRef = CC0E121023A1EA5900557B67 /* AlertsAndMenus.swift */; };
		CC0E121423A3565A00557B67 /* BookmarkModel.xcdatamodeld in Sources */ = {isa = PBXBuildFile; fileRef = CC0E121223A3565A00557B67 /* BookmarkModel.xcdatamodeld */; };
		CC0E121C23A8B48200557B67 /* HistoryData.swift in Sources */ = {isa = PBXBuildFile; fileRef = CC0E121B23A8B47F00557B67 /* HistoryData.swift */; };
		CC1F5D54239DD9DF00AD82EF /* EditFolder.swift in Sources */ = {isa = PBXBuildFile; fileRef = CC1F5D53239DD9DF00AD82EF /* EditFolder.swift */; };
		CC456726238F89E1006C1EF1 /* EditFolderVC.swift in Sources */ = {isa = PBXBuildFile; fileRef = CC456725238F89E1006C1EF1 /* EditFolderVC.swift */; };
		CC456728238F8C40006C1EF1 /* FolderData.swift in Sources */ = {isa = PBXBuildFile; fileRef = CC456727238F8C40006C1EF1 /* FolderData.swift */; };
		CC45672A238FACB0006C1EF1 /* CITreeViewClasses in Resources */ = {isa = PBXBuildFile; fileRef = CC456729238FACB0006C1EF1 /* CITreeViewClasses */; };
		CC45672C238FB8B3006C1EF1 /* SampleData.swift in Sources */ = {isa = PBXBuildFile; fileRef = CC45672B238FB8B3006C1EF1 /* SampleData.swift */; };
		CC5B8B2423973FC3004688A3 /* SearchResultsController.swift in Sources */ = {isa = PBXBuildFile; fileRef = CC5B8B2323973FC3004688A3 /* SearchResultsController.swift */; };
		CC5B8B262397942A004688A3 /* history.plist in Resources */ = {isa = PBXBuildFile; fileRef = CC5B8B252397942A004688A3 /* history.plist */; };
		CC5F4D3723B9C09200B8C9B8 /* ReadingListData.swift in Sources */ = {isa = PBXBuildFile; fileRef = CC5F4D3623B9C09100B8C9B8 /* ReadingListData.swift */; };
		CC5F4D3A23B9F10A00B8C9B8 /* ReadingListCell.swift in Sources */ = {isa = PBXBuildFile; fileRef = CC5F4D3823B9F10A00B8C9B8 /* ReadingListCell.swift */; };
		CC5F4D3B23B9F10A00B8C9B8 /* ReadingListCell.xib in Resources */ = {isa = PBXBuildFile; fileRef = CC5F4D3923B9F10A00B8C9B8 /* ReadingListCell.xib */; };
		CC8698A12387A6460043D796 /* SnapshotCard.swift in Sources */ = {isa = PBXBuildFile; fileRef = CC8698A02387A6460043D796 /* SnapshotCard.swift */; };
		CC8698A32387B4BE0043D796 /* TabsController.swift in Sources */ = {isa = PBXBuildFile; fileRef = CC8698A22387B4BE0043D796 /* TabsController.swift */; };
		CC8698A9238B54CE0043D796 /* ReadingList.swift in Sources */ = {isa = PBXBuildFile; fileRef = CC8698A8238B54CE0043D796 /* ReadingList.swift */; };
		CC8698AB238B6C460043D796 /* SegmentControlVC.swift in Sources */ = {isa = PBXBuildFile; fileRef = CC8698AA238B6C460043D796 /* SegmentControlVC.swift */; };
		CC8698AD238BBCBD0043D796 /* BookmarksData.swift in Sources */ = {isa = PBXBuildFile; fileRef = CC8698AC238BBCBD0043D796 /* BookmarksData.swift */; };
		CC8B79162383885A0061068C /* BookmarksVC.swift in Sources */ = {isa = PBXBuildFile; fileRef = CC8B79152383885A0061068C /* BookmarksVC.swift */; };
		CC8B791C2384C75A0061068C /* bookmarks_11_19_19.html in Resources */ = {isa = PBXBuildFile; fileRef = CC8B791B2384C7590061068C /* bookmarks_11_19_19.html */; };
		CC8B791E2384CBC20061068C /* History.swift in Sources */ = {isa = PBXBuildFile; fileRef = CC8B791D2384CBC20061068C /* History.swift */; };
		CCB7A74E2382295E00D8B0A0 /* AppDelegate.swift in Sources */ = {isa = PBXBuildFile; fileRef = CCB7A74D2382295E00D8B0A0 /* AppDelegate.swift */; };
		CCB7A7502382295E00D8B0A0 /* SceneDelegate.swift in Sources */ = {isa = PBXBuildFile; fileRef = CCB7A74F2382295E00D8B0A0 /* SceneDelegate.swift */; };
		CCB7A7522382295E00D8B0A0 /* MainVC.swift in Sources */ = {isa = PBXBuildFile; fileRef = CCB7A7512382295E00D8B0A0 /* MainVC.swift */; };
		CCB7A7552382295E00D8B0A0 /* Main.storyboard in Resources */ = {isa = PBXBuildFile; fileRef = CCB7A7532382295E00D8B0A0 /* Main.storyboard */; };
		CCB7A7572382296200D8B0A0 /* Assets.xcassets in Resources */ = {isa = PBXBuildFile; fileRef = CCB7A7562382296200D8B0A0 /* Assets.xcassets */; };
		CCB7A75A2382296200D8B0A0 /* LaunchScreen.storyboard in Resources */ = {isa = PBXBuildFile; fileRef = CCB7A7582382296200D8B0A0 /* LaunchScreen.storyboard */; };
		CCB7A7622382317400D8B0A0 /* CustomWebView.swift in Sources */ = {isa = PBXBuildFile; fileRef = CCB7A7612382317400D8B0A0 /* CustomWebView.swift */; };
		CCB7A76423823B0000D8B0A0 /* ImageViewCard.swift in Sources */ = {isa = PBXBuildFile; fileRef = CCB7A76323823B0000D8B0A0 /* ImageViewCard.swift */; };
		CCB83915238636F6005DF432 /* CustomNavigationController.swift in Sources */ = {isa = PBXBuildFile; fileRef = CCB83914238636F6005DF432 /* CustomNavigationController.swift */; };
		CCC26AAE23825EE5006E2E62 /* OpenTabsVC.swift in Sources */ = {isa = PBXBuildFile; fileRef = CCC26AAD23825EE5006E2E62 /* OpenTabsVC.swift */; };
		CCC26AB023827AF1006E2E62 /* SearchTableViewController.swift in Sources */ = {isa = PBXBuildFile; fileRef = CCC26AAF23827AF1006E2E62 /* SearchTableViewController.swift */; };
		CCC34F3423A9B59500394F0D /* UserDefaultsManager.swift in Sources */ = {isa = PBXBuildFile; fileRef = CCC34F3323A9B59500394F0D /* UserDefaultsManager.swift */; };
/* End PBXBuildFile section */

/* Begin PBXFileReference section */
		7455F079C048747E45A9A5A6 /* Pods-SafariSample.release.xcconfig */ = {isa = PBXFileReference; includeInIndex = 1; lastKnownFileType = text.xcconfig; name = "Pods-SafariSample.release.xcconfig"; path = "Target Support Files/Pods-SafariSample/Pods-SafariSample.release.xcconfig"; sourceTree = "<group>"; };
		8C0B2BB88E69780FE2F8CA02 /* Pods_SafariSample.framework */ = {isa = PBXFileReference; explicitFileType = wrapper.framework; includeInIndex = 0; path = Pods_SafariSample.framework; sourceTree = BUILT_PRODUCTS_DIR; };
		9D8759F6130660DC9EBA7B40 /* Pods-SafariSample.debug.xcconfig */ = {isa = PBXFileReference; includeInIndex = 1; lastKnownFileType = text.xcconfig; name = "Pods-SafariSample.debug.xcconfig"; path = "Target Support Files/Pods-SafariSample/Pods-SafariSample.debug.xcconfig"; sourceTree = "<group>"; };
		CC06F1AF2390A35A0096A6CD /* FolderCell.swift */ = {isa = PBXFileReference; lastKnownFileType = sourcecode.swift; path = FolderCell.swift; sourceTree = "<group>"; };
		CC06F1B02390A35A0096A6CD /* FolderCell.xib */ = {isa = PBXFileReference; lastKnownFileType = file.xib; path = FolderCell.xib; sourceTree = "<group>"; };
		CC06F1B52390DD930096A6CD /* EditBookmarkVC.swift */ = {isa = PBXFileReference; lastKnownFileType = sourcecode.swift; path = EditBookmarkVC.swift; sourceTree = "<group>"; };
		CC06F1B72390E8CC0096A6CD /* TreeData.swift */ = {isa = PBXFileReference; lastKnownFileType = sourcecode.swift; path = TreeData.swift; sourceTree = "<group>"; };
		CC0E120E23A0EAD200557B67 /* NotificationGroup.swift */ = {isa = PBXFileReference; lastKnownFileType = sourcecode.swift; path = NotificationGroup.swift; sourceTree = "<group>"; };
		CC0E121023A1EA5900557B67 /* AlertsAndMenus.swift */ = {isa = PBXFileReference; lastKnownFileType = sourcecode.swift; path = AlertsAndMenus.swift; sourceTree = "<group>"; };
		CC0E121323A3565A00557B67 /* BookmarkModel.xcdatamodel */ = {isa = PBXFileReference; lastKnownFileType = wrapper.xcdatamodel; path = BookmarkModel.xcdatamodel; sourceTree = "<group>"; };
		CC0E121B23A8B47F00557B67 /* HistoryData.swift */ = {isa = PBXFileReference; lastKnownFileType = sourcecode.swift; path = HistoryData.swift; sourceTree = "<group>"; };
		CC1F5D53239DD9DF00AD82EF /* EditFolder.swift */ = {isa = PBXFileReference; lastKnownFileType = sourcecode.swift; path = EditFolder.swift; sourceTree = "<group>"; };
		CC456725238F89E1006C1EF1 /* EditFolderVC.swift */ = {isa = PBXFileReference; lastKnownFileType = sourcecode.swift; path = EditFolderVC.swift; sourceTree = "<group>"; };
		CC456727238F8C40006C1EF1 /* FolderData.swift */ = {isa = PBXFileReference; lastKnownFileType = sourcecode.swift; path = FolderData.swift; sourceTree = "<group>"; };
		CC456729238FACB0006C1EF1 /* CITreeViewClasses */ = {isa = PBXFileReference; lastKnownFileType = folder; path = CITreeViewClasses; sourceTree = "<group>"; };
		CC45672B238FB8B3006C1EF1 /* SampleData.swift */ = {isa = PBXFileReference; lastKnownFileType = sourcecode.swift; path = SampleData.swift; sourceTree = "<group>"; };
		CC5B8B2323973FC3004688A3 /* SearchResultsController.swift */ = {isa = PBXFileReference; lastKnownFileType = sourcecode.swift; path = SearchResultsController.swift; sourceTree = "<group>"; };
		CC5B8B252397942A004688A3 /* history.plist */ = {isa = PBXFileReference; lastKnownFileType = text.plist.xml; path = history.plist; sourceTree = "<group>"; };
		CC5F4D3623B9C09100B8C9B8 /* ReadingListData.swift */ = {isa = PBXFileReference; lastKnownFileType = sourcecode.swift; path = ReadingListData.swift; sourceTree = "<group>"; };
		CC5F4D3823B9F10A00B8C9B8 /* ReadingListCell.swift */ = {isa = PBXFileReference; lastKnownFileType = sourcecode.swift; path = ReadingListCell.swift; sourceTree = "<group>"; };
		CC5F4D3923B9F10A00B8C9B8 /* ReadingListCell.xib */ = {isa = PBXFileReference; lastKnownFileType = file.xib; path = ReadingListCell.xib; sourceTree = "<group>"; };
		CC8698A02387A6460043D796 /* SnapshotCard.swift */ = {isa = PBXFileReference; lastKnownFileType = sourcecode.swift; path = SnapshotCard.swift; sourceTree = "<group>"; };
		CC8698A22387B4BE0043D796 /* TabsController.swift */ = {isa = PBXFileReference; lastKnownFileType = sourcecode.swift; path = TabsController.swift; sourceTree = "<group>"; };
		CC8698A8238B54CE0043D796 /* ReadingList.swift */ = {isa = PBXFileReference; lastKnownFileType = sourcecode.swift; path = ReadingList.swift; sourceTree = "<group>"; };
		CC8698AA238B6C460043D796 /* SegmentControlVC.swift */ = {isa = PBXFileReference; lastKnownFileType = sourcecode.swift; path = SegmentControlVC.swift; sourceTree = "<group>"; };
		CC8698AC238BBCBD0043D796 /* BookmarksData.swift */ = {isa = PBXFileReference; lastKnownFileType = sourcecode.swift; path = BookmarksData.swift; sourceTree = "<group>"; };
		CC8B79152383885A0061068C /* BookmarksVC.swift */ = {isa = PBXFileReference; lastKnownFileType = sourcecode.swift; path = BookmarksVC.swift; sourceTree = "<group>"; };
		CC8B791B2384C7590061068C /* bookmarks_11_19_19.html */ = {isa = PBXFileReference; fileEncoding = 4; lastKnownFileType = text.html; path = bookmarks_11_19_19.html; sourceTree = "<group>"; };
		CC8B791D2384CBC20061068C /* History.swift */ = {isa = PBXFileReference; lastKnownFileType = sourcecode.swift; path = History.swift; sourceTree = "<group>"; };
		CCB7A74A2382295E00D8B0A0 /* SafariSample.app */ = {isa = PBXFileReference; explicitFileType = wrapper.application; includeInIndex = 0; path = SafariSample.app; sourceTree = BUILT_PRODUCTS_DIR; };
		CCB7A74D2382295E00D8B0A0 /* AppDelegate.swift */ = {isa = PBXFileReference; lastKnownFileType = sourcecode.swift; path = AppDelegate.swift; sourceTree = "<group>"; };
		CCB7A74F2382295E00D8B0A0 /* SceneDelegate.swift */ = {isa = PBXFileReference; lastKnownFileType = sourcecode.swift; path = SceneDelegate.swift; sourceTree = "<group>"; };
		CCB7A7512382295E00D8B0A0 /* MainVC.swift */ = {isa = PBXFileReference; lastKnownFileType = sourcecode.swift; path = MainVC.swift; sourceTree = "<group>"; };
		CCB7A7542382295E00D8B0A0 /* Base */ = {isa = PBXFileReference; lastKnownFileType = file.storyboard; name = Base; path = Base.lproj/Main.storyboard; sourceTree = "<group>"; };
		CCB7A7562382296200D8B0A0 /* Assets.xcassets */ = {isa = PBXFileReference; lastKnownFileType = folder.assetcatalog; path = Assets.xcassets; sourceTree = "<group>"; };
		CCB7A7592382296200D8B0A0 /* Base */ = {isa = PBXFileReference; lastKnownFileType = file.storyboard; name = Base; path = Base.lproj/LaunchScreen.storyboard; sourceTree = "<group>"; };
		CCB7A75B2382296200D8B0A0 /* Info.plist */ = {isa = PBXFileReference; lastKnownFileType = text.plist.xml; path = Info.plist; sourceTree = "<group>"; };
		CCB7A7612382317400D8B0A0 /* CustomWebView.swift */ = {isa = PBXFileReference; lastKnownFileType = sourcecode.swift; path = CustomWebView.swift; sourceTree = "<group>"; };
		CCB7A76323823B0000D8B0A0 /* ImageViewCard.swift */ = {isa = PBXFileReference; lastKnownFileType = sourcecode.swift; path = ImageViewCard.swift; sourceTree = "<group>"; };
		CCB83914238636F6005DF432 /* CustomNavigationController.swift */ = {isa = PBXFileReference; lastKnownFileType = sourcecode.swift; path = CustomNavigationController.swift; sourceTree = "<group>"; };
		CCC26AAD23825EE5006E2E62 /* OpenTabsVC.swift */ = {isa = PBXFileReference; lastKnownFileType = sourcecode.swift; path = OpenTabsVC.swift; sourceTree = "<group>"; };
		CCC26AAF23827AF1006E2E62 /* SearchTableViewController.swift */ = {isa = PBXFileReference; lastKnownFileType = sourcecode.swift; path = SearchTableViewController.swift; sourceTree = "<group>"; };
		CCC34F3323A9B59500394F0D /* UserDefaultsManager.swift */ = {isa = PBXFileReference; lastKnownFileType = sourcecode.swift; path = UserDefaultsManager.swift; sourceTree = "<group>"; };
/* End PBXFileReference section */

/* Begin PBXFrameworksBuildPhase section */
		CCB7A7472382295E00D8B0A0 /* Frameworks */ = {
			isa = PBXFrameworksBuildPhase;
			buildActionMask = 2147483647;
			files = (
				51C125083E4B8FDC9D9711F0 /* Pods_SafariSample.framework in Frameworks */,
			);
			runOnlyForDeploymentPostprocessing = 0;
		};
/* End PBXFrameworksBuildPhase section */

/* Begin PBXGroup section */
		B6D6CD5A6DE85E61946FA6B4 /* Pods */ = {
			isa = PBXGroup;
			children = (
				9D8759F6130660DC9EBA7B40 /* Pods-SafariSample.debug.xcconfig */,
				7455F079C048747E45A9A5A6 /* Pods-SafariSample.release.xcconfig */,
			);
			path = Pods;
			sourceTree = "<group>";
		};
		CC5B8B2B239A3594004688A3 /* Main */ = {
			isa = PBXGroup;
			children = (
				CCB7A7512382295E00D8B0A0 /* MainVC.swift */,
				CC5B8B2323973FC3004688A3 /* SearchResultsController.swift */,
			);
			path = Main;
			sourceTree = "<group>";
		};
		CC5B8B2D239A35AB004688A3 /* Model */ = {
			isa = PBXGroup;
			children = (
				CC8698AC238BBCBD0043D796 /* BookmarksData.swift */,
				CC0E121B23A8B47F00557B67 /* HistoryData.swift */,
				CC5F4D3623B9C09100B8C9B8 /* ReadingListData.swift */,
				CC456727238F8C40006C1EF1 /* FolderData.swift */,
				CC45672B238FB8B3006C1EF1 /* SampleData.swift */,
				CC06F1B72390E8CC0096A6CD /* TreeData.swift */,
				CC8B791B2384C7590061068C /* bookmarks_11_19_19.html */,
			);
			path = Model;
			sourceTree = "<group>";
		};
		CC5B8B2E239A35CB004688A3 /* View */ = {
			isa = PBXGroup;
			children = (
				CCB7A76323823B0000D8B0A0 /* ImageViewCard.swift */,
				CCB7A7612382317400D8B0A0 /* CustomWebView.swift */,
				CC8698A02387A6460043D796 /* SnapshotCard.swift */,
				CC5F4D3823B9F10A00B8C9B8 /* ReadingListCell.swift */,
				CC5F4D3923B9F10A00B8C9B8 /* ReadingListCell.xib */,
				CC06F1AF2390A35A0096A6CD /* FolderCell.swift */,
				CC06F1B02390A35A0096A6CD /* FolderCell.xib */,
				CC0E121023A1EA5900557B67 /* AlertsAndMenus.swift */,
			);
			path = View;
			sourceTree = "<group>";
		};
		CC5B8B2F239A360A004688A3 /* Controller */ = {
			isa = PBXGroup;
			children = (
				CC0E120E23A0EAD200557B67 /* NotificationGroup.swift */,
				CCC34F3323A9B59500394F0D /* UserDefaultsManager.swift */,
				CCB83914238636F6005DF432 /* CustomNavigationController.swift */,
				CC8698A22387B4BE0043D796 /* TabsController.swift */,
				CCC26AAD23825EE5006E2E62 /* OpenTabsVC.swift */,
				CC8698AA238B6C460043D796 /* SegmentControlVC.swift */,
				CC5B8B2B239A3594004688A3 /* Main */,
				CC5B8B30239A366F004688A3 /* Bookmarks */,
				CC5B8B31239A3691004688A3 /* ReadingList */,
				CC5B8B32239A36A9004688A3 /* History */,
			);
			path = Controller;
			sourceTree = "<group>";
		};
		CC5B8B30239A366F004688A3 /* Bookmarks */ = {
			isa = PBXGroup;
			children = (
				CC8B79152383885A0061068C /* BookmarksVC.swift */,
				CC1F5D53239DD9DF00AD82EF /* EditFolder.swift */,
				CC456725238F89E1006C1EF1 /* EditFolderVC.swift */,
				CC06F1B52390DD930096A6CD /* EditBookmarkVC.swift */,
			);
			path = Bookmarks;
			sourceTree = "<group>";
		};
		CC5B8B31239A3691004688A3 /* ReadingList */ = {
			isa = PBXGroup;
			children = (
				CC8698A8238B54CE0043D796 /* ReadingList.swift */,
			);
			path = ReadingList;
			sourceTree = "<group>";
		};
		CC5B8B32239A36A9004688A3 /* History */ = {
			isa = PBXGroup;
			children = (
				CC8B791D2384CBC20061068C /* History.swift */,
			);
			path = History;
			sourceTree = "<group>";
		};
		CC5B8B33239A36E1004688A3 /* Practice */ = {
			isa = PBXGroup;
			children = (
				CC5B8B252397942A004688A3 /* history.plist */,
				CCC26AAF23827AF1006E2E62 /* SearchTableViewController.swift */,
			);
			path = Practice;
			sourceTree = "<group>";
		};
		CCB7A7412382295E00D8B0A0 = {
			isa = PBXGroup;
			children = (
				CCB7A74C2382295E00D8B0A0 /* SafariSample */,
				CCB7A74B2382295E00D8B0A0 /* Products */,
				B6D6CD5A6DE85E61946FA6B4 /* Pods */,
				D57D2AFA47E8B4A6496302AA /* Frameworks */,
			);
			sourceTree = "<group>";
		};
		CCB7A74B2382295E00D8B0A0 /* Products */ = {
			isa = PBXGroup;
			children = (
				CCB7A74A2382295E00D8B0A0 /* SafariSample.app */,
			);
			name = Products;
			sourceTree = "<group>";
		};
		CCB7A74C2382295E00D8B0A0 /* SafariSample */ = {
			isa = PBXGroup;
			children = (
				CCB7A7532382295E00D8B0A0 /* Main.storyboard */,
				CC0E121223A3565A00557B67 /* BookmarkModel.xcdatamodeld */,
				CCB7A74D2382295E00D8B0A0 /* AppDelegate.swift */,
				CCB7A74F2382295E00D8B0A0 /* SceneDelegate.swift */,
				CC456729238FACB0006C1EF1 /* CITreeViewClasses */,
				CC5B8B2D239A35AB004688A3 /* Model */,
				CC5B8B2E239A35CB004688A3 /* View */,
				CC5B8B2F239A360A004688A3 /* Controller */,
				CC5B8B33239A36E1004688A3 /* Practice */,
				CCB7A7562382296200D8B0A0 /* Assets.xcassets */,
				CCB7A7582382296200D8B0A0 /* LaunchScreen.storyboard */,
				CCB7A75B2382296200D8B0A0 /* Info.plist */,
			);
			path = SafariSample;
			sourceTree = "<group>";
		};
		D57D2AFA47E8B4A6496302AA /* Frameworks */ = {
			isa = PBXGroup;
			children = (
				8C0B2BB88E69780FE2F8CA02 /* Pods_SafariSample.framework */,
			);
			name = Frameworks;
			sourceTree = "<group>";
		};
/* End PBXGroup section */

/* Begin PBXNativeTarget section */
		CCB7A7492382295E00D8B0A0 /* SafariSample */ = {
			isa = PBXNativeTarget;
			buildConfigurationList = CCB7A75E2382296200D8B0A0 /* Build configuration list for PBXNativeTarget "SafariSample" */;
			buildPhases = (
				9D8FCE683C0E14CF6918AB09 /* [CP] Check Pods Manifest.lock */,
				CCB7A7462382295E00D8B0A0 /* Sources */,
				CCB7A7472382295E00D8B0A0 /* Frameworks */,
				CCB7A7482382295E00D8B0A0 /* Resources */,
				9F501E7FF4CFE2CC682EB141 /* [CP] Embed Pods Frameworks */,
			);
			buildRules = (
			);
			dependencies = (
			);
			name = SafariSample;
			productName = SafariSample;
			productReference = CCB7A74A2382295E00D8B0A0 /* SafariSample.app */;
			productType = "com.apple.product-type.application";
		};
/* End PBXNativeTarget section */

/* Begin PBXProject section */
		CCB7A7422382295E00D8B0A0 /* Project object */ = {
			isa = PBXProject;
			attributes = {
				LastSwiftUpdateCheck = 1120;
				LastUpgradeCheck = 1120;
				ORGANIZATIONNAME = Nomad;
				TargetAttributes = {
					CCB7A7492382295E00D8B0A0 = {
						CreatedOnToolsVersion = 11.2.1;
					};
				};
			};
			buildConfigurationList = CCB7A7452382295E00D8B0A0 /* Build configuration list for PBXProject "SafariSample" */;
			compatibilityVersion = "Xcode 9.3";
			developmentRegion = en;
			hasScannedForEncodings = 0;
			knownRegions = (
				en,
				Base,
			);
			mainGroup = CCB7A7412382295E00D8B0A0;
			productRefGroup = CCB7A74B2382295E00D8B0A0 /* Products */;
			projectDirPath = "";
			projectRoot = "";
			targets = (
				CCB7A7492382295E00D8B0A0 /* SafariSample */,
			);
		};
/* End PBXProject section */

/* Begin PBXResourcesBuildPhase section */
		CCB7A7482382295E00D8B0A0 /* Resources */ = {
			isa = PBXResourcesBuildPhase;
			buildActionMask = 2147483647;
			files = (
				CCB7A75A2382296200D8B0A0 /* LaunchScreen.storyboard in Resources */,
				CC5B8B262397942A004688A3 /* history.plist in Resources */,
				CC5F4D3B23B9F10A00B8C9B8 /* ReadingListCell.xib in Resources */,
				CC06F1B22390A35A0096A6CD /* FolderCell.xib in Resources */,
				CC45672A238FACB0006C1EF1 /* CITreeViewClasses in Resources */,
				CCB7A7572382296200D8B0A0 /* Assets.xcassets in Resources */,
				CC8B791C2384C75A0061068C /* bookmarks_11_19_19.html in Resources */,
				CCB7A7552382295E00D8B0A0 /* Main.storyboard in Resources */,
			);
			runOnlyForDeploymentPostprocessing = 0;
		};
/* End PBXResourcesBuildPhase section */

/* Begin PBXShellScriptBuildPhase section */
		9D8FCE683C0E14CF6918AB09 /* [CP] Check Pods Manifest.lock */ = {
			isa = PBXShellScriptBuildPhase;
			buildActionMask = 2147483647;
			files = (
			);
			inputFileListPaths = (
			);
			inputPaths = (
				"${PODS_PODFILE_DIR_PATH}/Podfile.lock",
				"${PODS_ROOT}/Manifest.lock",
			);
			name = "[CP] Check Pods Manifest.lock";
			outputFileListPaths = (
			);
			outputPaths = (
				"$(DERIVED_FILE_DIR)/Pods-SafariSample-checkManifestLockResult.txt",
			);
			runOnlyForDeploymentPostprocessing = 0;
			shellPath = /bin/sh;
			shellScript = "diff \"${PODS_PODFILE_DIR_PATH}/Podfile.lock\" \"${PODS_ROOT}/Manifest.lock\" > /dev/null\nif [ $? != 0 ] ; then\n    # print error to STDERR\n    echo \"error: The sandbox is not in sync with the Podfile.lock. Run 'pod install' or update your CocoaPods installation.\" >&2\n    exit 1\nfi\n# This output is used by Xcode 'outputs' to avoid re-running this script phase.\necho \"SUCCESS\" > \"${SCRIPT_OUTPUT_FILE_0}\"\n";
			showEnvVarsInLog = 0;
		};
		9F501E7FF4CFE2CC682EB141 /* [CP] Embed Pods Frameworks */ = {
			isa = PBXShellScriptBuildPhase;
			buildActionMask = 2147483647;
			files = (
			);
			inputFileListPaths = (
				"${PODS_ROOT}/Target Support Files/Pods-SafariSample/Pods-SafariSample-frameworks-${CONFIGURATION}-input-files.xcfilelist",
			);
			name = "[CP] Embed Pods Frameworks";
			outputFileListPaths = (
				"${PODS_ROOT}/Target Support Files/Pods-SafariSample/Pods-SafariSample-frameworks-${CONFIGURATION}-output-files.xcfilelist",
			);
			runOnlyForDeploymentPostprocessing = 0;
			shellPath = /bin/sh;
			shellScript = "\"${PODS_ROOT}/Target Support Files/Pods-SafariSample/Pods-SafariSample-frameworks.sh\"\n";
			showEnvVarsInLog = 0;
		};
/* End PBXShellScriptBuildPhase section */

/* Begin PBXSourcesBuildPhase section */
		CCB7A7462382295E00D8B0A0 /* Sources */ = {
			isa = PBXSourcesBuildPhase;
			buildActionMask = 2147483647;
			files = (
				CCB7A7622382317400D8B0A0 /* CustomWebView.swift in Sources */,
				CC456728238F8C40006C1EF1 /* FolderData.swift in Sources */,
				CCB7A7522382295E00D8B0A0 /* MainVC.swift in Sources */,
				CC06F1B82390E8CC0096A6CD /* TreeData.swift in Sources */,
				CCC26AAE23825EE5006E2E62 /* OpenTabsVC.swift in Sources */,
				CC8698AD238BBCBD0043D796 /* BookmarksData.swift in Sources */,
				CC8698A9238B54CE0043D796 /* ReadingList.swift in Sources */,
				CC8698AB238B6C460043D796 /* SegmentControlVC.swift in Sources */,
				CC5F4D3A23B9F10A00B8C9B8 /* ReadingListCell.swift in Sources */,
				CC06F1B62390DD940096A6CD /* EditBookmarkVC.swift in Sources */,
				CC5B8B2423973FC3004688A3 /* SearchResultsController.swift in Sources */,
				CCC34F3423A9B59500394F0D /* UserDefaultsManager.swift in Sources */,
				CC5F4D3723B9C09200B8C9B8 /* ReadingListData.swift in Sources */,
				CC1F5D54239DD9DF00AD82EF /* EditFolder.swift in Sources */,
				CC45672C238FB8B3006C1EF1 /* SampleData.swift in Sources */,
				CCC26AB023827AF1006E2E62 /* SearchTableViewController.swift in Sources */,
				CC0E121423A3565A00557B67 /* BookmarkModel.xcdatamodeld in Sources */,
				CC8698A12387A6460043D796 /* SnapshotCard.swift in Sources */,
				CC0E120F23A0EAD200557B67 /* NotificationGroup.swift in Sources */,
				CC456726238F89E1006C1EF1 /* EditFolderVC.swift in Sources */,
				CC0E121C23A8B48200557B67 /* HistoryData.swift in Sources */,
				CC8B791E2384CBC20061068C /* History.swift in Sources */,
				CCB7A74E2382295E00D8B0A0 /* AppDelegate.swift in Sources */,
				CCB83915238636F6005DF432 /* CustomNavigationController.swift in Sources */,
				CCB7A7502382295E00D8B0A0 /* SceneDelegate.swift in Sources */,
				CC8698A32387B4BE0043D796 /* TabsController.swift in Sources */,
				CC0E121123A1EA5900557B67 /* AlertsAndMenus.swift in Sources */,
				CC8B79162383885A0061068C /* BookmarksVC.swift in Sources */,
				CCB7A76423823B0000D8B0A0 /* ImageViewCard.swift in Sources */,
				CC06F1B12390A35A0096A6CD /* FolderCell.swift in Sources */,
			);
			runOnlyForDeploymentPostprocessing = 0;
		};
/* End PBXSourcesBuildPhase section */

/* Begin PBXVariantGroup section */
		CCB7A7532382295E00D8B0A0 /* Main.storyboard */ = {
			isa = PBXVariantGroup;
			children = (
				CCB7A7542382295E00D8B0A0 /* Base */,
			);
			name = Main.storyboard;
			sourceTree = "<group>";
		};
		CCB7A7582382296200D8B0A0 /* LaunchScreen.storyboard */ = {
			isa = PBXVariantGroup;
			children = (
				CCB7A7592382296200D8B0A0 /* Base */,
			);
			name = LaunchScreen.storyboard;
			sourceTree = "<group>";
		};
/* End PBXVariantGroup section */

/* Begin XCBuildConfiguration section */
		CCB7A75C2382296200D8B0A0 /* Debug */ = {
			isa = XCBuildConfiguration;
			buildSettings = {
				ALWAYS_SEARCH_USER_PATHS = NO;
				CLANG_ANALYZER_NONNULL = YES;
				CLANG_ANALYZER_NUMBER_OBJECT_CONVERSION = YES_AGGRESSIVE;
				CLANG_CXX_LANGUAGE_STANDARD = "gnu++14";
				CLANG_CXX_LIBRARY = "libc++";
				CLANG_ENABLE_MODULES = YES;
				CLANG_ENABLE_OBJC_ARC = YES;
				CLANG_ENABLE_OBJC_WEAK = YES;
				CLANG_WARN_BLOCK_CAPTURE_AUTORELEASING = YES;
				CLANG_WARN_BOOL_CONVERSION = YES;
				CLANG_WARN_COMMA = YES;
				CLANG_WARN_CONSTANT_CONVERSION = YES;
				CLANG_WARN_DEPRECATED_OBJC_IMPLEMENTATIONS = YES;
				CLANG_WARN_DIRECT_OBJC_ISA_USAGE = YES_ERROR;
				CLANG_WARN_DOCUMENTATION_COMMENTS = YES;
				CLANG_WARN_EMPTY_BODY = YES;
				CLANG_WARN_ENUM_CONVERSION = YES;
				CLANG_WARN_INFINITE_RECURSION = YES;
				CLANG_WARN_INT_CONVERSION = YES;
				CLANG_WARN_NON_LITERAL_NULL_CONVERSION = YES;
				CLANG_WARN_OBJC_IMPLICIT_RETAIN_SELF = YES;
				CLANG_WARN_OBJC_LITERAL_CONVERSION = YES;
				CLANG_WARN_OBJC_ROOT_CLASS = YES_ERROR;
				CLANG_WARN_RANGE_LOOP_ANALYSIS = YES;
				CLANG_WARN_STRICT_PROTOTYPES = YES;
				CLANG_WARN_SUSPICIOUS_MOVE = YES;
				CLANG_WARN_UNGUARDED_AVAILABILITY = YES_AGGRESSIVE;
				CLANG_WARN_UNREACHABLE_CODE = YES;
				CLANG_WARN__DUPLICATE_METHOD_MATCH = YES;
				COPY_PHASE_STRIP = NO;
				DEBUG_INFORMATION_FORMAT = dwarf;
				ENABLE_STRICT_OBJC_MSGSEND = YES;
				ENABLE_TESTABILITY = YES;
				GCC_C_LANGUAGE_STANDARD = gnu11;
				GCC_DYNAMIC_NO_PIC = NO;
				GCC_NO_COMMON_BLOCKS = YES;
				GCC_OPTIMIZATION_LEVEL = 0;
				GCC_PREPROCESSOR_DEFINITIONS = (
					"DEBUG=1",
					"$(inherited)",
				);
				GCC_WARN_64_TO_32_BIT_CONVERSION = YES;
				GCC_WARN_ABOUT_RETURN_TYPE = YES_ERROR;
				GCC_WARN_UNDECLARED_SELECTOR = YES;
				GCC_WARN_UNINITIALIZED_AUTOS = YES_AGGRESSIVE;
				GCC_WARN_UNUSED_FUNCTION = YES;
				GCC_WARN_UNUSED_VARIABLE = YES;
				IPHONEOS_DEPLOYMENT_TARGET = 13.2;
				MTL_ENABLE_DEBUG_INFO = INCLUDE_SOURCE;
				MTL_FAST_MATH = YES;
				ONLY_ACTIVE_ARCH = YES;
				SDKROOT = iphoneos;
				SWIFT_ACTIVE_COMPILATION_CONDITIONS = DEBUG;
				SWIFT_OPTIMIZATION_LEVEL = "-Onone";
			};
			name = Debug;
		};
		CCB7A75D2382296200D8B0A0 /* Release */ = {
			isa = XCBuildConfiguration;
			buildSettings = {
				ALWAYS_SEARCH_USER_PATHS = NO;
				CLANG_ANALYZER_NONNULL = YES;
				CLANG_ANALYZER_NUMBER_OBJECT_CONVERSION = YES_AGGRESSIVE;
				CLANG_CXX_LANGUAGE_STANDARD = "gnu++14";
				CLANG_CXX_LIBRARY = "libc++";
				CLANG_ENABLE_MODULES = YES;
				CLANG_ENABLE_OBJC_ARC = YES;
				CLANG_ENABLE_OBJC_WEAK = YES;
				CLANG_WARN_BLOCK_CAPTURE_AUTORELEASING = YES;
				CLANG_WARN_BOOL_CONVERSION = YES;
				CLANG_WARN_COMMA = YES;
				CLANG_WARN_CONSTANT_CONVERSION = YES;
				CLANG_WARN_DEPRECATED_OBJC_IMPLEMENTATIONS = YES;
				CLANG_WARN_DIRECT_OBJC_ISA_USAGE = YES_ERROR;
				CLANG_WARN_DOCUMENTATION_COMMENTS = YES;
				CLANG_WARN_EMPTY_BODY = YES;
				CLANG_WARN_ENUM_CONVERSION = YES;
				CLANG_WARN_INFINITE_RECURSION = YES;
				CLANG_WARN_INT_CONVERSION = YES;
				CLANG_WARN_NON_LITERAL_NULL_CONVERSION = YES;
				CLANG_WARN_OBJC_IMPLICIT_RETAIN_SELF = YES;
				CLANG_WARN_OBJC_LITERAL_CONVERSION = YES;
				CLANG_WARN_OBJC_ROOT_CLASS = YES_ERROR;
				CLANG_WARN_RANGE_LOOP_ANALYSIS = YES;
				CLANG_WARN_STRICT_PROTOTYPES = YES;
				CLANG_WARN_SUSPICIOUS_MOVE = YES;
				CLANG_WARN_UNGUARDED_AVAILABILITY = YES_AGGRESSIVE;
				CLANG_WARN_UNREACHABLE_CODE = YES;
				CLANG_WARN__DUPLICATE_METHOD_MATCH = YES;
				COPY_PHASE_STRIP = NO;
				DEBUG_INFORMATION_FORMAT = "dwarf-with-dsym";
				ENABLE_NS_ASSERTIONS = NO;
				ENABLE_STRICT_OBJC_MSGSEND = YES;
				GCC_C_LANGUAGE_STANDARD = gnu11;
				GCC_NO_COMMON_BLOCKS = YES;
				GCC_WARN_64_TO_32_BIT_CONVERSION = YES;
				GCC_WARN_ABOUT_RETURN_TYPE = YES_ERROR;
				GCC_WARN_UNDECLARED_SELECTOR = YES;
				GCC_WARN_UNINITIALIZED_AUTOS = YES_AGGRESSIVE;
				GCC_WARN_UNUSED_FUNCTION = YES;
				GCC_WARN_UNUSED_VARIABLE = YES;
				IPHONEOS_DEPLOYMENT_TARGET = 13.2;
				MTL_ENABLE_DEBUG_INFO = NO;
				MTL_FAST_MATH = YES;
				SDKROOT = iphoneos;
				SWIFT_COMPILATION_MODE = wholemodule;
				SWIFT_OPTIMIZATION_LEVEL = "-O";
				VALIDATE_PRODUCT = YES;
			};
			name = Release;
		};
		CCB7A75F2382296200D8B0A0 /* Debug */ = {
			isa = XCBuildConfiguration;
			baseConfigurationReference = 9D8759F6130660DC9EBA7B40 /* Pods-SafariSample.debug.xcconfig */;
			buildSettings = {
				ASSETCATALOG_COMPILER_APPICON_NAME = AppIcon;
				CODE_SIGN_STYLE = Automatic;
				DEVELOPMENT_TEAM = G3F27QB3QE;
				INFOPLIST_FILE = SafariSample/Info.plist;
				LD_RUNPATH_SEARCH_PATHS = (
					"$(inherited)",
					"@executable_path/Frameworks",
				);
				PRODUCT_BUNDLE_IDENTIFIER = Nomad.SafariSample;
				PRODUCT_NAME = "$(TARGET_NAME)";
				SWIFT_VERSION = 5.0;
				TARGETED_DEVICE_FAMILY = "1,2";
			};
			name = Debug;
		};
		CCB7A7602382296200D8B0A0 /* Release */ = {
			isa = XCBuildConfiguration;
			baseConfigurationReference = 7455F079C048747E45A9A5A6 /* Pods-SafariSample.release.xcconfig */;
			buildSettings = {
				ASSETCATALOG_COMPILER_APPICON_NAME = AppIcon;
				CODE_SIGN_STYLE = Automatic;
				DEVELOPMENT_TEAM = G3F27QB3QE;
				INFOPLIST_FILE = SafariSample/Info.plist;
				LD_RUNPATH_SEARCH_PATHS = (
					"$(inherited)",
					"@executable_path/Frameworks",
				);
				PRODUCT_BUNDLE_IDENTIFIER = Nomad.SafariSample;
				PRODUCT_NAME = "$(TARGET_NAME)";
				SWIFT_VERSION = 5.0;
				TARGETED_DEVICE_FAMILY = "1,2";
			};
			name = Release;
		};
/* End XCBuildConfiguration section */

/* Begin XCConfigurationList section */
		CCB7A7452382295E00D8B0A0 /* Build configuration list for PBXProject "SafariSample" */ = {
			isa = XCConfigurationList;
			buildConfigurations = (
				CCB7A75C2382296200D8B0A0 /* Debug */,
				CCB7A75D2382296200D8B0A0 /* Release */,
			);
			defaultConfigurationIsVisible = 0;
			defaultConfigurationName = Release;
		};
		CCB7A75E2382296200D8B0A0 /* Build configuration list for PBXNativeTarget "SafariSample" */ = {
			isa = XCConfigurationList;
			buildConfigurations = (
				CCB7A75F2382296200D8B0A0 /* Debug */,
				CCB7A7602382296200D8B0A0 /* Release */,
			);
			defaultConfigurationIsVisible = 0;
			defaultConfigurationName = Release;
		};
/* End XCConfigurationList section */

/* Begin XCVersionGroup section */
		CC0E121223A3565A00557B67 /* BookmarkModel.xcdatamodeld */ = {
			isa = XCVersionGroup;
			children = (
				CC0E121323A3565A00557B67 /* BookmarkModel.xcdatamodel */,
			);
			currentVersion = CC0E121323A3565A00557B67 /* BookmarkModel.xcdatamodel */;
			path = BookmarkModel.xcdatamodeld;
			sourceTree = "<group>";
			versionGroupType = wrapper.xcdatamodel;
		};
/* End XCVersionGroup section */
	};
	rootObject = CCB7A7422382295E00D8B0A0 /* Project object */;
}
