// !$*UTF8*$!
{
	archiveVersion = 1;
	classes = {
	};
	objectVersion = 50;
	objects = {

/* Begin PBXBuildFile section */
		CC8B79162383885A0061068C /* BookmarksVC.swift in Sources */ = {isa = PBXBuildFile; fileRef = CC8B79152383885A0061068C /* BookmarksVC.swift */; };
		CC8B791A2383CBFE0061068C /* Nav.swift in Sources */ = {isa = PBXBuildFile; fileRef = CC8B79192383CBFE0061068C /* Nav.swift */; };
		CC8B791C2384C75A0061068C /* bookmarks_11_19_19.html in Resources */ = {isa = PBXBuildFile; fileRef = CC8B791B2384C7590061068C /* bookmarks_11_19_19.html */; };
		CC8B791E2384CBC20061068C /* History.swift in Sources */ = {isa = PBXBuildFile; fileRef = CC8B791D2384CBC20061068C /* History.swift */; };
		CCB7A74E2382295E00D8B0A0 /* AppDelegate.swift in Sources */ = {isa = PBXBuildFile; fileRef = CCB7A74D2382295E00D8B0A0 /* AppDelegate.swift */; };
		CCB7A7502382295E00D8B0A0 /* SceneDelegate.swift in Sources */ = {isa = PBXBuildFile; fileRef = CCB7A74F2382295E00D8B0A0 /* SceneDelegate.swift */; };
		CCB7A7522382295E00D8B0A0 /* ViewController.swift in Sources */ = {isa = PBXBuildFile; fileRef = CCB7A7512382295E00D8B0A0 /* ViewController.swift */; };
		CCB7A7552382295E00D8B0A0 /* Main.storyboard in Resources */ = {isa = PBXBuildFile; fileRef = CCB7A7532382295E00D8B0A0 /* Main.storyboard */; };
		CCB7A7572382296200D8B0A0 /* Assets.xcassets in Resources */ = {isa = PBXBuildFile; fileRef = CCB7A7562382296200D8B0A0 /* Assets.xcassets */; };
		CCB7A75A2382296200D8B0A0 /* LaunchScreen.storyboard in Resources */ = {isa = PBXBuildFile; fileRef = CCB7A7582382296200D8B0A0 /* LaunchScreen.storyboard */; };
		CCB7A7622382317400D8B0A0 /* CustomWebView.swift in Sources */ = {isa = PBXBuildFile; fileRef = CCB7A7612382317400D8B0A0 /* CustomWebView.swift */; };
		CCB7A76423823B0000D8B0A0 /* ImageViewCard.swift in Sources */ = {isa = PBXBuildFile; fileRef = CCB7A76323823B0000D8B0A0 /* ImageViewCard.swift */; };
		CCC26AAE23825EE5006E2E62 /* OpenTabsVC.swift in Sources */ = {isa = PBXBuildFile; fileRef = CCC26AAD23825EE5006E2E62 /* OpenTabsVC.swift */; };
		CCC26AB023827AF1006E2E62 /* SearchTableViewController.swift in Sources */ = {isa = PBXBuildFile; fileRef = CCC26AAF23827AF1006E2E62 /* SearchTableViewController.swift */; };
/* End PBXBuildFile section */

/* Begin PBXFileReference section */
		CC8B79152383885A0061068C /* BookmarksVC.swift */ = {isa = PBXFileReference; lastKnownFileType = sourcecode.swift; path = BookmarksVC.swift; sourceTree = "<group>"; };
		CC8B79192383CBFE0061068C /* Nav.swift */ = {isa = PBXFileReference; lastKnownFileType = sourcecode.swift; path = Nav.swift; sourceTree = "<group>"; };
		CC8B791B2384C7590061068C /* bookmarks_11_19_19.html */ = {isa = PBXFileReference; fileEncoding = 4; lastKnownFileType = text.html; path = bookmarks_11_19_19.html; sourceTree = "<group>"; };
		CC8B791D2384CBC20061068C /* History.swift */ = {isa = PBXFileReference; lastKnownFileType = sourcecode.swift; path = History.swift; sourceTree = "<group>"; };
		CCB7A74A2382295E00D8B0A0 /* SafariSample.app */ = {isa = PBXFileReference; explicitFileType = wrapper.application; includeInIndex = 0; path = SafariSample.app; sourceTree = BUILT_PRODUCTS_DIR; };
		CCB7A74D2382295E00D8B0A0 /* AppDelegate.swift */ = {isa = PBXFileReference; lastKnownFileType = sourcecode.swift; path = AppDelegate.swift; sourceTree = "<group>"; };
		CCB7A74F2382295E00D8B0A0 /* SceneDelegate.swift */ = {isa = PBXFileReference; lastKnownFileType = sourcecode.swift; path = SceneDelegate.swift; sourceTree = "<group>"; };
		CCB7A7512382295E00D8B0A0 /* ViewController.swift */ = {isa = PBXFileReference; lastKnownFileType = sourcecode.swift; path = ViewController.swift; sourceTree = "<group>"; };
		CCB7A7542382295E00D8B0A0 /* Base */ = {isa = PBXFileReference; lastKnownFileType = file.storyboard; name = Base; path = Base.lproj/Main.storyboard; sourceTree = "<group>"; };
		CCB7A7562382296200D8B0A0 /* Assets.xcassets */ = {isa = PBXFileReference; lastKnownFileType = folder.assetcatalog; path = Assets.xcassets; sourceTree = "<group>"; };
		CCB7A7592382296200D8B0A0 /* Base */ = {isa = PBXFileReference; lastKnownFileType = file.storyboard; name = Base; path = Base.lproj/LaunchScreen.storyboard; sourceTree = "<group>"; };
		CCB7A75B2382296200D8B0A0 /* Info.plist */ = {isa = PBXFileReference; lastKnownFileType = text.plist.xml; path = Info.plist; sourceTree = "<group>"; };
		CCB7A7612382317400D8B0A0 /* CustomWebView.swift */ = {isa = PBXFileReference; lastKnownFileType = sourcecode.swift; path = CustomWebView.swift; sourceTree = "<group>"; };
		CCB7A76323823B0000D8B0A0 /* ImageViewCard.swift */ = {isa = PBXFileReference; lastKnownFileType = sourcecode.swift; path = ImageViewCard.swift; sourceTree = "<group>"; };
		CCC26AAD23825EE5006E2E62 /* OpenTabsVC.swift */ = {isa = PBXFileReference; lastKnownFileType = sourcecode.swift; path = OpenTabsVC.swift; sourceTree = "<group>"; };
		CCC26AAF23827AF1006E2E62 /* SearchTableViewController.swift */ = {isa = PBXFileReference; lastKnownFileType = sourcecode.swift; path = SearchTableViewController.swift; sourceTree = "<group>"; };
/* End PBXFileReference section */

/* Begin PBXFrameworksBuildPhase section */
		CCB7A7472382295E00D8B0A0 /* Frameworks */ = {
			isa = PBXFrameworksBuildPhase;
			buildActionMask = 2147483647;
			files = (
			);
			runOnlyForDeploymentPostprocessing = 0;
		};
/* End PBXFrameworksBuildPhase section */

/* Begin PBXGroup section */
		CCB7A7412382295E00D8B0A0 = {
			isa = PBXGroup;
			children = (
				CCB7A74C2382295E00D8B0A0 /* SafariSample */,
				CCB7A74B2382295E00D8B0A0 /* Products */,
			);
			sourceTree = "<group>";
		};
		CCB7A74B2382295E00D8B0A0 /* Products */ = {
			isa = PBXGroup;
			children = (
				CCB7A74A2382295E00D8B0A0 /* SafariSample.app */,
			);
			name = Products;
			sourceTree = "<group>";
		};
		CCB7A74C2382295E00D8B0A0 /* SafariSample */ = {
			isa = PBXGroup;
			children = (
				CCB7A74D2382295E00D8B0A0 /* AppDelegate.swift */,
				CCB7A74F2382295E00D8B0A0 /* SceneDelegate.swift */,
				CCB7A7512382295E00D8B0A0 /* ViewController.swift */,
				CCC26AAD23825EE5006E2E62 /* OpenTabsVC.swift */,
				CCB7A76323823B0000D8B0A0 /* ImageViewCard.swift */,
				CCB7A7612382317400D8B0A0 /* CustomWebView.swift */,
				CCC26AAF23827AF1006E2E62 /* SearchTableViewController.swift */,
				CC8B79192383CBFE0061068C /* Nav.swift */,
				CC8B79152383885A0061068C /* BookmarksVC.swift */,
				CC8B791D2384CBC20061068C /* History.swift */,
				CCB7A7532382295E00D8B0A0 /* Main.storyboard */,
				CC8B791B2384C7590061068C /* bookmarks_11_19_19.html */,
				CCB7A7562382296200D8B0A0 /* Assets.xcassets */,
				CCB7A7582382296200D8B0A0 /* LaunchScreen.storyboard */,
				CCB7A75B2382296200D8B0A0 /* Info.plist */,
			);
			path = SafariSample;
			sourceTree = "<group>";
		};
/* End PBXGroup section */

/* Begin PBXNativeTarget section */
		CCB7A7492382295E00D8B0A0 /* SafariSample */ = {
			isa = PBXNativeTarget;
			buildConfigurationList = CCB7A75E2382296200D8B0A0 /* Build configuration list for PBXNativeTarget "SafariSample" */;
			buildPhases = (
				CCB7A7462382295E00D8B0A0 /* Sources */,
				CCB7A7472382295E00D8B0A0 /* Frameworks */,
				CCB7A7482382295E00D8B0A0 /* Resources */,
			);
			buildRules = (
			);
			dependencies = (
			);
			name = SafariSample;
			productName = SafariSample;
			productReference = CCB7A74A2382295E00D8B0A0 /* SafariSample.app */;
			productType = "com.apple.product-type.application";
		};
/* End PBXNativeTarget section */

/* Begin PBXProject section */
		CCB7A7422382295E00D8B0A0 /* Project object */ = {
			isa = PBXProject;
			attributes = {
				LastSwiftUpdateCheck = 1120;
				LastUpgradeCheck = 1120;
				ORGANIZATIONNAME = Nomad;
				TargetAttributes = {
					CCB7A7492382295E00D8B0A0 = {
						CreatedOnToolsVersion = 11.2.1;
					};
				};
			};
			buildConfigurationList = CCB7A7452382295E00D8B0A0 /* Build configuration list for PBXProject "SafariSample" */;
			compatibilityVersion = "Xcode 9.3";
			developmentRegion = en;
			hasScannedForEncodings = 0;
			knownRegions = (
				en,
				Base,
			);
			mainGroup = CCB7A7412382295E00D8B0A0;
			productRefGroup = CCB7A74B2382295E00D8B0A0 /* Products */;
			projectDirPath = "";
			projectRoot = "";
			targets = (
				CCB7A7492382295E00D8B0A0 /* SafariSample */,
			);
		};
/* End PBXProject section */

/* Begin PBXResourcesBuildPhase section */
		CCB7A7482382295E00D8B0A0 /* Resources */ = {
			isa = PBXResourcesBuildPhase;
			buildActionMask = 2147483647;
			files = (
				CCB7A75A2382296200D8B0A0 /* LaunchScreen.storyboard in Resources */,
				CCB7A7572382296200D8B0A0 /* Assets.xcassets in Resources */,
				CC8B791C2384C75A0061068C /* bookmarks_11_19_19.html in Resources */,
				CCB7A7552382295E00D8B0A0 /* Main.storyboard in Resources */,
			);
			runOnlyForDeploymentPostprocessing = 0;
		};
/* End PBXResourcesBuildPhase section */

/* Begin PBXSourcesBuildPhase section */
		CCB7A7462382295E00D8B0A0 /* Sources */ = {
			isa = PBXSourcesBuildPhase;
			buildActionMask = 2147483647;
			files = (
				CCB7A7622382317400D8B0A0 /* CustomWebView.swift in Sources */,
				CCB7A7522382295E00D8B0A0 /* ViewController.swift in Sources */,
				CCC26AAE23825EE5006E2E62 /* OpenTabsVC.swift in Sources */,
				CCC26AB023827AF1006E2E62 /* SearchTableViewController.swift in Sources */,
				CC8B791E2384CBC20061068C /* History.swift in Sources */,
				CCB7A74E2382295E00D8B0A0 /* AppDelegate.swift in Sources */,
				CC8B791A2383CBFE0061068C /* Nav.swift in Sources */,
				CCB7A7502382295E00D8B0A0 /* SceneDelegate.swift in Sources */,
				CC8B79162383885A0061068C /* BookmarksVC.swift in Sources */,
				CCB7A76423823B0000D8B0A0 /* ImageViewCard.swift in Sources */,
			);
			runOnlyForDeploymentPostprocessing = 0;
		};
/* End PBXSourcesBuildPhase section */

/* Begin PBXVariantGroup section */
		CCB7A7532382295E00D8B0A0 /* Main.storyboard */ = {
			isa = PBXVariantGroup;
			children = (
				CCB7A7542382295E00D8B0A0 /* Base */,
			);
			name = Main.storyboard;
			sourceTree = "<group>";
		};
		CCB7A7582382296200D8B0A0 /* LaunchScreen.storyboard */ = {
			isa = PBXVariantGroup;
			children = (
				CCB7A7592382296200D8B0A0 /* Base */,
			);
			name = LaunchScreen.storyboard;
			sourceTree = "<group>";
		};
/* End PBXVariantGroup section */

/* Begin XCBuildConfiguration section */
		CCB7A75C2382296200D8B0A0 /* Debug */ = {
			isa = XCBuildConfiguration;
			buildSettings = {
				ALWAYS_SEARCH_USER_PATHS = NO;
				CLANG_ANALYZER_NONNULL = YES;
				CLANG_ANALYZER_NUMBER_OBJECT_CONVERSION = YES_AGGRESSIVE;
				CLANG_CXX_LANGUAGE_STANDARD = "gnu++14";
				CLANG_CXX_LIBRARY = "libc++";
				CLANG_ENABLE_MODULES = YES;
				CLANG_ENABLE_OBJC_ARC = YES;
				CLANG_ENABLE_OBJC_WEAK = YES;
				CLANG_WARN_BLOCK_CAPTURE_AUTORELEASING = YES;
				CLANG_WARN_BOOL_CONVERSION = YES;
				CLANG_WARN_COMMA = YES;
				CLANG_WARN_CONSTANT_CONVERSION = YES;
				CLANG_WARN_DEPRECATED_OBJC_IMPLEMENTATIONS = YES;
				CLANG_WARN_DIRECT_OBJC_ISA_USAGE = YES_ERROR;
				CLANG_WARN_DOCUMENTATION_COMMENTS = YES;
				CLANG_WARN_EMPTY_BODY = YES;
				CLANG_WARN_ENUM_CONVERSION = YES;
				CLANG_WARN_INFINITE_RECURSION = YES;
				CLANG_WARN_INT_CONVERSION = YES;
				CLANG_WARN_NON_LITERAL_NULL_CONVERSION = YES;
				CLANG_WARN_OBJC_IMPLICIT_RETAIN_SELF = YES;
				CLANG_WARN_OBJC_LITERAL_CONVERSION = YES;
				CLANG_WARN_OBJC_ROOT_CLASS = YES_ERROR;
				CLANG_WARN_RANGE_LOOP_ANALYSIS = YES;
				CLANG_WARN_STRICT_PROTOTYPES = YES;
				CLANG_WARN_SUSPICIOUS_MOVE = YES;
				CLANG_WARN_UNGUARDED_AVAILABILITY = YES_AGGRESSIVE;
				CLANG_WARN_UNREACHABLE_CODE = YES;
				CLANG_WARN__DUPLICATE_METHOD_MATCH = YES;
				COPY_PHASE_STRIP = NO;
				DEBUG_INFORMATION_FORMAT = dwarf;
				ENABLE_STRICT_OBJC_MSGSEND = YES;
				ENABLE_TESTABILITY = YES;
				GCC_C_LANGUAGE_STANDARD = gnu11;
				GCC_DYNAMIC_NO_PIC = NO;
				GCC_NO_COMMON_BLOCKS = YES;
				GCC_OPTIMIZATION_LEVEL = 0;
				GCC_PREPROCESSOR_DEFINITIONS = (
					"DEBUG=1",
					"$(inherited)",
				);
				GCC_WARN_64_TO_32_BIT_CONVERSION = YES;
				GCC_WARN_ABOUT_RETURN_TYPE = YES_ERROR;
				GCC_WARN_UNDECLARED_SELECTOR = YES;
				GCC_WARN_UNINITIALIZED_AUTOS = YES_AGGRESSIVE;
				GCC_WARN_UNUSED_FUNCTION = YES;
				GCC_WARN_UNUSED_VARIABLE = YES;
				IPHONEOS_DEPLOYMENT_TARGET = 13.2;
				MTL_ENABLE_DEBUG_INFO = INCLUDE_SOURCE;
				MTL_FAST_MATH = YES;
				ONLY_ACTIVE_ARCH = YES;
				SDKROOT = iphoneos;
				SWIFT_ACTIVE_COMPILATION_CONDITIONS = DEBUG;
				SWIFT_OPTIMIZATION_LEVEL = "-Onone";
			};
			name = Debug;
		};
		CCB7A75D2382296200D8B0A0 /* Release */ = {
			isa = XCBuildConfiguration;
			buildSettings = {
				ALWAYS_SEARCH_USER_PATHS = NO;
				CLANG_ANALYZER_NONNULL = YES;
				CLANG_ANALYZER_NUMBER_OBJECT_CONVERSION = YES_AGGRESSIVE;
				CLANG_CXX_LANGUAGE_STANDARD = "gnu++14";
				CLANG_CXX_LIBRARY = "libc++";
				CLANG_ENABLE_MODULES = YES;
				CLANG_ENABLE_OBJC_ARC = YES;
				CLANG_ENABLE_OBJC_WEAK = YES;
				CLANG_WARN_BLOCK_CAPTURE_AUTORELEASING = YES;
				CLANG_WARN_BOOL_CONVERSION = YES;
				CLANG_WARN_COMMA = YES;
				CLANG_WARN_CONSTANT_CONVERSION = YES;
				CLANG_WARN_DEPRECATED_OBJC_IMPLEMENTATIONS = YES;
				CLANG_WARN_DIRECT_OBJC_ISA_USAGE = YES_ERROR;
				CLANG_WARN_DOCUMENTATION_COMMENTS = YES;
				CLANG_WARN_EMPTY_BODY = YES;
				CLANG_WARN_ENUM_CONVERSION = YES;
				CLANG_WARN_INFINITE_RECURSION = YES;
				CLANG_WARN_INT_CONVERSION = YES;
				CLANG_WARN_NON_LITERAL_NULL_CONVERSION = YES;
				CLANG_WARN_OBJC_IMPLICIT_RETAIN_SELF = YES;
				CLANG_WARN_OBJC_LITERAL_CONVERSION = YES;
				CLANG_WARN_OBJC_ROOT_CLASS = YES_ERROR;
				CLANG_WARN_RANGE_LOOP_ANALYSIS = YES;
				CLANG_WARN_STRICT_PROTOTYPES = YES;
				CLANG_WARN_SUSPICIOUS_MOVE = YES;
				CLANG_WARN_UNGUARDED_AVAILABILITY = YES_AGGRESSIVE;
				CLANG_WARN_UNREACHABLE_CODE = YES;
				CLANG_WARN__DUPLICATE_METHOD_MATCH = YES;
				COPY_PHASE_STRIP = NO;
				DEBUG_INFORMATION_FORMAT = "dwarf-with-dsym";
				ENABLE_NS_ASSERTIONS = NO;
				ENABLE_STRICT_OBJC_MSGSEND = YES;
				GCC_C_LANGUAGE_STANDARD = gnu11;
				GCC_NO_COMMON_BLOCKS = YES;
				GCC_WARN_64_TO_32_BIT_CONVERSION = YES;
				GCC_WARN_ABOUT_RETURN_TYPE = YES_ERROR;
				GCC_WARN_UNDECLARED_SELECTOR = YES;
				GCC_WARN_UNINITIALIZED_AUTOS = YES_AGGRESSIVE;
				GCC_WARN_UNUSED_FUNCTION = YES;
				GCC_WARN_UNUSED_VARIABLE = YES;
				IPHONEOS_DEPLOYMENT_TARGET = 13.2;
				MTL_ENABLE_DEBUG_INFO = NO;
				MTL_FAST_MATH = YES;
				SDKROOT = iphoneos;
				SWIFT_COMPILATION_MODE = wholemodule;
				SWIFT_OPTIMIZATION_LEVEL = "-O";
				VALIDATE_PRODUCT = YES;
			};
			name = Release;
		};
		CCB7A75F2382296200D8B0A0 /* Debug */ = {
			isa = XCBuildConfiguration;
			buildSettings = {
				ASSETCATALOG_COMPILER_APPICON_NAME = AppIcon;
				CODE_SIGN_STYLE = Automatic;
				DEVELOPMENT_TEAM = G3F27QB3QE;
				INFOPLIST_FILE = SafariSample/Info.plist;
				LD_RUNPATH_SEARCH_PATHS = (
					"$(inherited)",
					"@executable_path/Frameworks",
				);
				PRODUCT_BUNDLE_IDENTIFIER = Nomad.SafariSample;
				PRODUCT_NAME = "$(TARGET_NAME)";
				SWIFT_VERSION = 5.0;
				TARGETED_DEVICE_FAMILY = "1,2";
			};
			name = Debug;
		};
		CCB7A7602382296200D8B0A0 /* Release */ = {
			isa = XCBuildConfiguration;
			buildSettings = {
				ASSETCATALOG_COMPILER_APPICON_NAME = AppIcon;
				CODE_SIGN_STYLE = Automatic;
				DEVELOPMENT_TEAM = G3F27QB3QE;
				INFOPLIST_FILE = SafariSample/Info.plist;
				LD_RUNPATH_SEARCH_PATHS = (
					"$(inherited)",
					"@executable_path/Frameworks",
				);
				PRODUCT_BUNDLE_IDENTIFIER = Nomad.SafariSample;
				PRODUCT_NAME = "$(TARGET_NAME)";
				SWIFT_VERSION = 5.0;
				TARGETED_DEVICE_FAMILY = "1,2";
			};
			name = Release;
		};
/* End XCBuildConfiguration section */

/* Begin XCConfigurationList section */
		CCB7A7452382295E00D8B0A0 /* Build configuration list for PBXProject "SafariSample" */ = {
			isa = XCConfigurationList;
			buildConfigurations = (
				CCB7A75C2382296200D8B0A0 /* Debug */,
				CCB7A75D2382296200D8B0A0 /* Release */,
			);
			defaultConfigurationIsVisible = 0;
			defaultConfigurationName = Release;
		};
		CCB7A75E2382296200D8B0A0 /* Build configuration list for PBXNativeTarget "SafariSample" */ = {
			isa = XCConfigurationList;
			buildConfigurations = (
				CCB7A75F2382296200D8B0A0 /* Debug */,
				CCB7A7602382296200D8B0A0 /* Release */,
			);
			defaultConfigurationIsVisible = 0;
			defaultConfigurationName = Release;
		};
/* End XCConfigurationList section */
	};
	rootObject = CCB7A7422382295E00D8B0A0 /* Project object */;
}
